
Microsoft Visual Studio Solution File, Format Version 12.00
# Visual Studio Version 16
VisualStudioVersion = 16.0.30804.86
MinimumVisualStudioVersion = 10.0.40219.1
Project("{FAE04EC0-301F-11D3-BF4B-00C04F79EFBC}") = "SportScheduleConsole", "SportScheduleConsole.csproj", "{4971A804-9CBB-4A65-9375-10ECA2C1B450}"
EndProject
Global
	GlobalSection(SolutionConfigurationPlatforms) = preSolution
		Debug|Any CPU = Debug|Any CPU
		Release|Any CPU = Release|Any CPU
	EndGlobalSection
	GlobalSection(ProjectConfigurationPlatforms) = postSolution
		{4971A804-9CBB-4A65-9375-10ECA2C1B450}.Debug|Any CPU.ActiveCfg = Debug|Any CPU
		{4971A804-9CBB-4A65-9375-10ECA2C1B450}.Debug|Any CPU.Build.0 = Debug|Any CPU
		{4971A804-9CBB-4A65-9375-10ECA2C1B450}.Release|Any CPU.ActiveCfg = Release|Any CPU
		{4971A804-9CBB-4A65-9375-10ECA2C1B450}.Release|Any CPU.Build.0 = Release|Any CPU
	EndGlobalSection
	GlobalSection(SolutionProperties) = preSolution
		HideSolutionNode = FALSE
	EndGlobalSection
	GlobalSection(ExtensibilityGlobals) = postSolution
		SolutionGuid = {14380055-021B-456E-A231-2C339A5D08F1}
	EndGlobalSection
EndGlobal
